{
  "name": "@art-of-coding/wormhole",
  "version": "2.1.2",
  "lockfileVersion": 2,
  "requires": true,
  "packages": {
    "": {
      "version": "2.1.2",
      "license": "MIT",
      "dependencies": {
        "nanoid": "^3.1.23"
      },
      "devDependencies": {
        "@types/node": "^16.3.1"
      },
      "engines": {
        "node": ">=10"
      }
    },
    "node_modules/@types/node": {
      "version": "16.3.1",
      "resolved": "https://registry.npmjs.org/@types/node/-/node-16.3.1.tgz",
      "integrity": "sha512-N87VuQi7HEeRJkhzovao/JviiqKjDKMVKxKMfUvSKw+MbkbW8R0nA3fi/MQhhlxV2fQ+2ReM+/Nt4efdrJx3zA==",
      "dev": true
    },
    "node_modules/nanoid": {
      "version": "3.1.23",
      "resolved": "https://registry.npmjs.org/nanoid/-/nanoid-3.1.23.tgz",
      "integrity": "sha512-FiB0kzdP0FFVGDKlRLEQ1BgDzU87dy5NnzjeW9YZNt+/c3+q82EQDUwniSAUxp/F0gFNI1ZhKU1FqYsMuqZVnw==",
      "bin": {
        "nanoid": "bin/nanoid.cjs"
      },
      "engines": {
        "node": "^10 || ^12 || ^13.7 || ^14 || >=15.0.1"
      }
    }
  },
  "dependencies": {
    "@types/node": {
      "version": "16.3.1",
      "resolved": "https://registry.npmjs.org/@types/node/-/node-16.3.1.tgz",
      "integrity": "sha512-N87VuQi7HEeRJkhzovao/JviiqKjDKMVKxKMfUvSKw+MbkbW8R0nA3fi/MQhhlxV2fQ+2ReM+/Nt4efdrJx3zA==",
      "dev": true
    },
    "nanoid": {
      "version": "3.1.23",
      "resolved": "https://registry.npmjs.org/nanoid/-/nanoid-3.1.23.tgz",
      "integrity": "sha512-FiB0kzdP0FFVGDKlRLEQ1BgDzU87dy5NnzjeW9YZNt+/c3+q82EQDUwniSAUxp/F0gFNI1ZhKU1FqYsMuqZVnw=="
    }
  }
}
